
Microsoft Visual Studio Solution File, Format Version 12.00
# Visual Studio Version 17
VisualStudioVersion = 17.4.33205.214
MinimumVisualStudioVersion = 10.0.40219.1
Project("{FAE04EC0-301F-11D3-BF4B-00C04F79EFBC}") = "Using Kullanimi", "Using Kullanimi\Using Kullanimi.csproj", "{1973385F-BB47-4DFF-AE18-65CF1E89FDEA}"
EndProject
Global
	GlobalSection(SolutionConfigurationPlatforms) = preSolution
		Debug|Any CPU = Debug|Any CPU
		Release|Any CPU = Release|Any CPU
	EndGlobalSection
	GlobalSection(ProjectConfigurationPlatforms) = postSolution
		{1973385F-BB47-4DFF-AE18-65CF1E89FDEA}.Debug|Any CPU.ActiveCfg = Debug|Any CPU
		{1973385F-BB47-4DFF-AE18-65CF1E89FDEA}.Debug|Any CPU.Build.0 = Debug|Any CPU
		{1973385F-BB47-4DFF-AE18-65CF1E89FDEA}.Release|Any CPU.ActiveCfg = Release|Any CPU
		{1973385F-BB47-4DFF-AE18-65CF1E89FDEA}.Release|Any CPU.Build.0 = Release|Any CPU
	EndGlobalSection
	GlobalSection(SolutionProperties) = preSolution
		HideSolutionNode = FALSE
	EndGlobalSection
	GlobalSection(ExtensibilityGlobals) = postSolution
		SolutionGuid = {F9993F9C-6C9C-4DE5-A651-A1702A8E7B0C}
	EndGlobalSection
EndGlobal
